
Microsoft Visual Studio Solution File, Format Version 12.00
# Visual Studio Version 16
VisualStudioVersion = 16.0.30503.244
MinimumVisualStudioVersion = 10.0.40219.1
Project("{2150E333-8FDC-42A3-9474-1A3956D46DE8}") = "src", "src", "{66E0CC46-A58E-4896-93D5-9B84EA49E6A6}"
EndProject
Project("{2150E333-8FDC-42A3-9474-1A3956D46DE8}") = "tests", "tests", "{5DBFC29A-2C3F-4B47-B59B-5E86334CC46C}"
EndProject
Project("{9A19103F-16F7-4668-BE54-9A1E7A4F7556}") = "Domain", "src\Domain\Domain.csproj", "{7DC4CD68-BF48-4AB8-9022-70C02BD8F47B}"
EndProject
Project("{FAE04EC0-301F-11D3-BF4B-00C04F79EFBC}") = "Domain.UnitTests", "tests\Domain.UnitTests\Domain.UnitTests.csproj", "{F098E854-F11A-4634-BCEB-EDB77A14B4D3}"
EndProject
Global
	GlobalSection(SolutionConfigurationPlatforms) = preSolution
		Debug|Any CPU = Debug|Any CPU
		Release|Any CPU = Release|Any CPU
	EndGlobalSection
	GlobalSection(ProjectConfigurationPlatforms) = postSolution
		{7DC4CD68-BF48-4AB8-9022-70C02BD8F47B}.Debug|Any CPU.ActiveCfg = Debug|Any CPU
		{7DC4CD68-BF48-4AB8-9022-70C02BD8F47B}.Debug|Any CPU.Build.0 = Debug|Any CPU
		{7DC4CD68-BF48-4AB8-9022-70C02BD8F47B}.Release|Any CPU.ActiveCfg = Release|Any CPU
		{7DC4CD68-BF48-4AB8-9022-70C02BD8F47B}.Release|Any CPU.Build.0 = Release|Any CPU
		{F098E854-F11A-4634-BCEB-EDB77A14B4D3}.Debug|Any CPU.ActiveCfg = Debug|Any CPU
		{F098E854-F11A-4634-BCEB-EDB77A14B4D3}.Debug|Any CPU.Build.0 = Debug|Any CPU
		{F098E854-F11A-4634-BCEB-EDB77A14B4D3}.Release|Any CPU.ActiveCfg = Release|Any CPU
		{F098E854-F11A-4634-BCEB-EDB77A14B4D3}.Release|Any CPU.Build.0 = Release|Any CPU
	EndGlobalSection
	GlobalSection(SolutionProperties) = preSolution
		HideSolutionNode = FALSE
	EndGlobalSection
	GlobalSection(NestedProjects) = preSolution
		{7DC4CD68-BF48-4AB8-9022-70C02BD8F47B} = {66E0CC46-A58E-4896-93D5-9B84EA49E6A6}
		{F098E854-F11A-4634-BCEB-EDB77A14B4D3} = {5DBFC29A-2C3F-4B47-B59B-5E86334CC46C}
	EndGlobalSection
	GlobalSection(ExtensibilityGlobals) = postSolution
		SolutionGuid = {C62D0F4D-E0A9-4908-A9A6-64DFBF84C486}
	EndGlobalSection
EndGlobal
