
Microsoft Visual Studio Solution File, Format Version 12.00
# Visual Studio Version 16
VisualStudioVersion = 16.0.30503.244
MinimumVisualStudioVersion = 10.0.40219.1
Project("{2150E333-8FDC-42A3-9474-1A3956D46DE8}") = "src", "src", "{66E0CC46-A58E-4896-93D5-9B84EA49E6A6}"
EndProject
Project("{2150E333-8FDC-42A3-9474-1A3956D46DE8}") = "tests", "tests", "{5DBFC29A-2C3F-4B47-B59B-5E86334CC46C}"
EndProject
Project("{9A19103F-16F7-4668-BE54-9A1E7A4F7556}") = "Domain", "src\Domain\Domain.csproj", "{7DC4CD68-BF48-4AB8-9022-70C02BD8F47B}"
EndProject
Project("{2150E333-8FDC-42A3-9474-1A3956D46DE8}") = "unit", "unit", "{96B2F54D-89A8-479D-82D4-E187F70BF1D1}"
EndProject
Project("{2150E333-8FDC-42A3-9474-1A3956D46DE8}") = "integration", "integration", "{CBFA04FC-D766-4D58-B175-E6CB1A8D8DF9}"
EndProject
Project("{2150E333-8FDC-42A3-9474-1A3956D46DE8}") = "exploratory", "exploratory", "{D273FCA8-6204-4B98-8E7B-16160CF743C2}"
	ProjectSection(SolutionItems) = preProject
		tests\exploratory\.gitkeep = tests\exploratory\.gitkeep
	EndProjectSection
EndProject
Project("{9A19103F-16F7-4668-BE54-9A1E7A4F7556}") = "Domain.UnitTests", "tests\unit\Domain.UnitTests\Domain.UnitTests.csproj", "{6DFFEBE4-D7D3-48E2-9640-1ED2039D2B10}"
EndProject
Project("{9A19103F-16F7-4668-BE54-9A1E7A4F7556}") = "Application", "src\Application\Application.csproj", "{3A71E796-FE24-4E3E-8180-8039FFF1764B}"
EndProject
Project("{9A19103F-16F7-4668-BE54-9A1E7A4F7556}") = "Application.UnitTests", "tests\unit\Application.UnitTests\Application.UnitTests.csproj", "{4E900779-F4BC-4A6C-A062-E75AD4933DF1}"
EndProject
Project("{9A19103F-16F7-4668-BE54-9A1E7A4F7556}") = "Infrastructure", "src\Infrastructure\Infrastructure.csproj", "{769DC691-1701-425E-9E2A-857924153EBE}"
EndProject
Project("{2150E333-8FDC-42A3-9474-1A3956D46DE8}") = "Presentation", "Presentation", "{B0949B40-2772-4E3F-B532-2FF50AC94555}"
EndProject
Project("{9A19103F-16F7-4668-BE54-9A1E7A4F7556}") = "WebApi", "src\Presentation\WebApi\WebApi.csproj", "{0276A04B-8ED5-49DF-90EA-99DCE8F107E9}"
EndProject
Project("{9A19103F-16F7-4668-BE54-9A1E7A4F7556}") = "Application.IntegrationTests", "tests\integration\Application.IntegrationTests\Application.IntegrationTests.csproj", "{FF04B6FD-6A23-4870-B19D-496036474D28}"
EndProject
Project("{2150E333-8FDC-42A3-9474-1A3956D46DE8}") = "Presentation", "Presentation", "{24C464C6-36E7-4E9B-9683-ABE4E30542E7}"
EndProject
Project("{9A19103F-16F7-4668-BE54-9A1E7A4F7556}") = "WebApi.IntegrationTests", "tests\integration\Presentation\WebApi.IntegrationTests\WebApi.IntegrationTests.csproj", "{70DFC4F5-0443-461F-9CFD-4CD5BE8AAEE8}"
EndProject
Global
	GlobalSection(SolutionConfigurationPlatforms) = preSolution
		Debug|Any CPU = Debug|Any CPU
		Release|Any CPU = Release|Any CPU
	EndGlobalSection
	GlobalSection(ProjectConfigurationPlatforms) = postSolution
		{7DC4CD68-BF48-4AB8-9022-70C02BD8F47B}.Debug|Any CPU.ActiveCfg = Debug|Any CPU
		{7DC4CD68-BF48-4AB8-9022-70C02BD8F47B}.Debug|Any CPU.Build.0 = Debug|Any CPU
		{7DC4CD68-BF48-4AB8-9022-70C02BD8F47B}.Release|Any CPU.ActiveCfg = Release|Any CPU
		{7DC4CD68-BF48-4AB8-9022-70C02BD8F47B}.Release|Any CPU.Build.0 = Release|Any CPU
		{6DFFEBE4-D7D3-48E2-9640-1ED2039D2B10}.Debug|Any CPU.ActiveCfg = Debug|Any CPU
		{6DFFEBE4-D7D3-48E2-9640-1ED2039D2B10}.Debug|Any CPU.Build.0 = Debug|Any CPU
		{6DFFEBE4-D7D3-48E2-9640-1ED2039D2B10}.Release|Any CPU.ActiveCfg = Release|Any CPU
		{6DFFEBE4-D7D3-48E2-9640-1ED2039D2B10}.Release|Any CPU.Build.0 = Release|Any CPU
		{3A71E796-FE24-4E3E-8180-8039FFF1764B}.Debug|Any CPU.ActiveCfg = Debug|Any CPU
		{3A71E796-FE24-4E3E-8180-8039FFF1764B}.Debug|Any CPU.Build.0 = Debug|Any CPU
		{3A71E796-FE24-4E3E-8180-8039FFF1764B}.Release|Any CPU.ActiveCfg = Release|Any CPU
		{3A71E796-FE24-4E3E-8180-8039FFF1764B}.Release|Any CPU.Build.0 = Release|Any CPU
		{4E900779-F4BC-4A6C-A062-E75AD4933DF1}.Debug|Any CPU.ActiveCfg = Debug|Any CPU
		{4E900779-F4BC-4A6C-A062-E75AD4933DF1}.Debug|Any CPU.Build.0 = Debug|Any CPU
		{4E900779-F4BC-4A6C-A062-E75AD4933DF1}.Release|Any CPU.ActiveCfg = Release|Any CPU
		{4E900779-F4BC-4A6C-A062-E75AD4933DF1}.Release|Any CPU.Build.0 = Release|Any CPU
		{769DC691-1701-425E-9E2A-857924153EBE}.Debug|Any CPU.ActiveCfg = Debug|Any CPU
		{769DC691-1701-425E-9E2A-857924153EBE}.Debug|Any CPU.Build.0 = Debug|Any CPU
		{769DC691-1701-425E-9E2A-857924153EBE}.Release|Any CPU.ActiveCfg = Release|Any CPU
		{769DC691-1701-425E-9E2A-857924153EBE}.Release|Any CPU.Build.0 = Release|Any CPU
		{0276A04B-8ED5-49DF-90EA-99DCE8F107E9}.Debug|Any CPU.ActiveCfg = Debug|Any CPU
		{0276A04B-8ED5-49DF-90EA-99DCE8F107E9}.Debug|Any CPU.Build.0 = Debug|Any CPU
		{0276A04B-8ED5-49DF-90EA-99DCE8F107E9}.Release|Any CPU.ActiveCfg = Release|Any CPU
		{0276A04B-8ED5-49DF-90EA-99DCE8F107E9}.Release|Any CPU.Build.0 = Release|Any CPU
		{FF04B6FD-6A23-4870-B19D-496036474D28}.Debug|Any CPU.ActiveCfg = Debug|Any CPU
		{FF04B6FD-6A23-4870-B19D-496036474D28}.Debug|Any CPU.Build.0 = Debug|Any CPU
		{FF04B6FD-6A23-4870-B19D-496036474D28}.Release|Any CPU.ActiveCfg = Release|Any CPU
		{FF04B6FD-6A23-4870-B19D-496036474D28}.Release|Any CPU.Build.0 = Release|Any CPU
		{70DFC4F5-0443-461F-9CFD-4CD5BE8AAEE8}.Debug|Any CPU.ActiveCfg = Debug|Any CPU
		{70DFC4F5-0443-461F-9CFD-4CD5BE8AAEE8}.Debug|Any CPU.Build.0 = Debug|Any CPU
		{70DFC4F5-0443-461F-9CFD-4CD5BE8AAEE8}.Release|Any CPU.ActiveCfg = Release|Any CPU
		{70DFC4F5-0443-461F-9CFD-4CD5BE8AAEE8}.Release|Any CPU.Build.0 = Release|Any CPU
	EndGlobalSection
	GlobalSection(SolutionProperties) = preSolution
		HideSolutionNode = FALSE
	EndGlobalSection
	GlobalSection(NestedProjects) = preSolution
		{7DC4CD68-BF48-4AB8-9022-70C02BD8F47B} = {66E0CC46-A58E-4896-93D5-9B84EA49E6A6}
		{96B2F54D-89A8-479D-82D4-E187F70BF1D1} = {5DBFC29A-2C3F-4B47-B59B-5E86334CC46C}
		{CBFA04FC-D766-4D58-B175-E6CB1A8D8DF9} = {5DBFC29A-2C3F-4B47-B59B-5E86334CC46C}
		{D273FCA8-6204-4B98-8E7B-16160CF743C2} = {5DBFC29A-2C3F-4B47-B59B-5E86334CC46C}
		{6DFFEBE4-D7D3-48E2-9640-1ED2039D2B10} = {96B2F54D-89A8-479D-82D4-E187F70BF1D1}
		{3A71E796-FE24-4E3E-8180-8039FFF1764B} = {66E0CC46-A58E-4896-93D5-9B84EA49E6A6}
		{4E900779-F4BC-4A6C-A062-E75AD4933DF1} = {96B2F54D-89A8-479D-82D4-E187F70BF1D1}
		{769DC691-1701-425E-9E2A-857924153EBE} = {66E0CC46-A58E-4896-93D5-9B84EA49E6A6}
		{B0949B40-2772-4E3F-B532-2FF50AC94555} = {66E0CC46-A58E-4896-93D5-9B84EA49E6A6}
		{0276A04B-8ED5-49DF-90EA-99DCE8F107E9} = {B0949B40-2772-4E3F-B532-2FF50AC94555}
		{FF04B6FD-6A23-4870-B19D-496036474D28} = {CBFA04FC-D766-4D58-B175-E6CB1A8D8DF9}
		{24C464C6-36E7-4E9B-9683-ABE4E30542E7} = {CBFA04FC-D766-4D58-B175-E6CB1A8D8DF9}
		{70DFC4F5-0443-461F-9CFD-4CD5BE8AAEE8} = {24C464C6-36E7-4E9B-9683-ABE4E30542E7}
	EndGlobalSection
	GlobalSection(ExtensibilityGlobals) = postSolution
		SolutionGuid = {C62D0F4D-E0A9-4908-A9A6-64DFBF84C486}
	EndGlobalSection
EndGlobal
